// !$*UTF8*$!
{
	archiveVersion = 1;
	classes = {
	};
	objectVersion = 56;
	objects = {

/* Begin PBXBuildFile section */
		D682AC982B52CE3E00C7E282 /* FastSwiftBasicAppApp.swift in Sources */ = {isa = PBXBuildFile; fileRef = D682AC972B52CE3E00C7E282 /* FastSwiftBasicAppApp.swift */; };
		D682AC9A2B52CE3E00C7E282 /* ContentView.swift in Sources */ = {isa = PBXBuildFile; fileRef = D682AC992B52CE3E00C7E282 /* ContentView.swift */; };
		D682AC9C2B52CE4000C7E282 /* Assets.xcassets in Resources */ = {isa = PBXBuildFile; fileRef = D682AC9B2B52CE4000C7E282 /* Assets.xcassets */; };
		D682AC9F2B52CE4000C7E282 /* Preview Assets.xcassets in Resources */ = {isa = PBXBuildFile; fileRef = D682AC9E2B52CE4000C7E282 /* Preview Assets.xcassets */; };
		D682ACA62B52CF8800C7E282 /* VariableType.swift in Sources */ = {isa = PBXBuildFile; fileRef = D682ACA52B52CF8800C7E282 /* VariableType.swift */; };
		D682ACA82B52D0F500C7E282 /* MyCollections.swift in Sources */ = {isa = PBXBuildFile; fileRef = D682ACA72B52D0F500C7E282 /* MyCollections.swift */; };
		D682ACAA2B52D42100C7E282 /* Condition.swift in Sources */ = {isa = PBXBuildFile; fileRef = D682ACA92B52D42100C7E282 /* Condition.swift */; };
		D682ACAC2B52D4F100C7E282 /* Loop.swift in Sources */ = {isa = PBXBuildFile; fileRef = D682ACAB2B52D4F100C7E282 /* Loop.swift */; };
		D682ACAE2B52D5BF00C7E282 /* Function.swift in Sources */ = {isa = PBXBuildFile; fileRef = D682ACAD2B52D5BF00C7E282 /* Function.swift */; };
		D682ACB02B52D77C00C7E282 /* Half.swift in Sources */ = {isa = PBXBuildFile; fileRef = D682ACAF2B52D77C00C7E282 /* Half.swift */; };
		D682ACB22B52E00B00C7E282 /* Elevator.swift in Sources */ = {isa = PBXBuildFile; fileRef = D682ACB12B52E00B00C7E282 /* Elevator.swift */; };
		D682ACB42B52E64000C7E282 /* Diff.swift in Sources */ = {isa = PBXBuildFile; fileRef = D682ACB32B52E64000C7E282 /* Diff.swift */; };
/* End PBXBuildFile section */

/* Begin PBXFileReference section */
		D682AC942B52CE3E00C7E282 /* FastSwiftBasicApp.app */ = {isa = PBXFileReference; explicitFileType = wrapper.application; includeInIndex = 0; path = FastSwiftBasicApp.app; sourceTree = BUILT_PRODUCTS_DIR; };
		D682AC972B52CE3E00C7E282 /* FastSwiftBasicAppApp.swift */ = {isa = PBXFileReference; lastKnownFileType = sourcecode.swift; path = FastSwiftBasicAppApp.swift; sourceTree = "<group>"; };
		D682AC992B52CE3E00C7E282 /* ContentView.swift */ = {isa = PBXFileReference; lastKnownFileType = sourcecode.swift; path = ContentView.swift; sourceTree = "<group>"; };
		D682AC9B2B52CE4000C7E282 /* Assets.xcassets */ = {isa = PBXFileReference; lastKnownFileType = folder.assetcatalog; path = Assets.xcassets; sourceTree = "<group>"; };
		D682AC9E2B52CE4000C7E282 /* Preview Assets.xcassets */ = {isa = PBXFileReference; lastKnownFileType = folder.assetcatalog; path = "Preview Assets.xcassets"; sourceTree = "<group>"; };
		D682ACA52B52CF8800C7E282 /* VariableType.swift */ = {isa = PBXFileReference; lastKnownFileType = sourcecode.swift; path = VariableType.swift; sourceTree = "<group>"; };
		D682ACA72B52D0F500C7E282 /* MyCollections.swift */ = {isa = PBXFileReference; lastKnownFileType = sourcecode.swift; path = MyCollections.swift; sourceTree = "<group>"; };
		D682ACA92B52D42100C7E282 /* Condition.swift */ = {isa = PBXFileReference; lastKnownFileType = sourcecode.swift; path = Condition.swift; sourceTree = "<group>"; };
		D682ACAB2B52D4F100C7E282 /* Loop.swift */ = {isa = PBXFileReference; lastKnownFileType = sourcecode.swift; path = Loop.swift; sourceTree = "<group>"; };
		D682ACAD2B52D5BF00C7E282 /* Function.swift */ = {isa = PBXFileReference; lastKnownFileType = sourcecode.swift; path = Function.swift; sourceTree = "<group>"; };
		D682ACAF2B52D77C00C7E282 /* Half.swift */ = {isa = PBXFileReference; lastKnownFileType = sourcecode.swift; path = Half.swift; sourceTree = "<group>"; };
		D682ACB12B52E00B00C7E282 /* Elevator.swift */ = {isa = PBXFileReference; lastKnownFileType = sourcecode.swift; path = Elevator.swift; sourceTree = "<group>"; };
		D682ACB32B52E64000C7E282 /* Diff.swift */ = {isa = PBXFileReference; lastKnownFileType = sourcecode.swift; path = Diff.swift; sourceTree = "<group>"; };
/* End PBXFileReference section */

/* Begin PBXFrameworksBuildPhase section */
		D682AC912B52CE3E00C7E282 /* Frameworks */ = {
			isa = PBXFrameworksBuildPhase;
			buildActionMask = 2147483647;
			files = (
			);
			runOnlyForDeploymentPostprocessing = 0;
		};
/* End PBXFrameworksBuildPhase section */

/* Begin PBXGroup section */
		D682AC8B2B52CE3E00C7E282 = {
			isa = PBXGroup;
			children = (
				D682AC962B52CE3E00C7E282 /* FastSwiftBasicApp */,
				D682AC952B52CE3E00C7E282 /* Products */,
			);
			sourceTree = "<group>";
		};
		D682AC952B52CE3E00C7E282 /* Products */ = {
			isa = PBXGroup;
			children = (
				D682AC942B52CE3E00C7E282 /* FastSwiftBasicApp.app */,
			);
			name = Products;
			sourceTree = "<group>";
		};
		D682AC962B52CE3E00C7E282 /* FastSwiftBasicApp */ = {
			isa = PBXGroup;
			children = (
				D682AC972B52CE3E00C7E282 /* FastSwiftBasicAppApp.swift */,
				D682AC992B52CE3E00C7E282 /* ContentView.swift */,
				D682AC9B2B52CE4000C7E282 /* Assets.xcassets */,
				D682AC9D2B52CE4000C7E282 /* Preview Content */,
				D682ACA52B52CF8800C7E282 /* VariableType.swift */,
				D682ACA72B52D0F500C7E282 /* MyCollections.swift */,
				D682ACA92B52D42100C7E282 /* Condition.swift */,
				D682ACAB2B52D4F100C7E282 /* Loop.swift */,
				D682ACAD2B52D5BF00C7E282 /* Function.swift */,
				D682ACAF2B52D77C00C7E282 /* Half.swift */,
				D682ACB12B52E00B00C7E282 /* Elevator.swift */,
				D682ACB32B52E64000C7E282 /* Diff.swift */,
			);
			path = FastSwiftBasicApp;
			sourceTree = "<group>";
		};
		D682AC9D2B52CE4000C7E282 /* Preview Content */ = {
			isa = PBXGroup;
			children = (
				D682AC9E2B52CE4000C7E282 /* Preview Assets.xcassets */,
			);
			path = "Preview Content";
			sourceTree = "<group>";
		};
/* End PBXGroup section */

/* Begin PBXNativeTarget section */
		D682AC932B52CE3E00C7E282 /* FastSwiftBasicApp */ = {
			isa = PBXNativeTarget;
			buildConfigurationList = D682ACA22B52CE4000C7E282 /* Build configuration list for PBXNativeTarget "FastSwiftBasicApp" */;
			buildPhases = (
				D682AC902B52CE3E00C7E282 /* Sources */,
				D682AC912B52CE3E00C7E282 /* Frameworks */,
				D682AC922B52CE3E00C7E282 /* Resources */,
			);
			buildRules = (
			);
			dependencies = (
			);
			name = FastSwiftBasicApp;
			productName = FastSwiftBasicApp;
			productReference = D682AC942B52CE3E00C7E282 /* FastSwiftBasicApp.app */;
			productType = "com.apple.product-type.application";
		};
/* End PBXNativeTarget section */

/* Begin PBXProject section */
		D682AC8C2B52CE3E00C7E282 /* Project object */ = {
			isa = PBXProject;
			attributes = {
				BuildIndependentTargetsInParallel = 1;
				LastSwiftUpdateCheck = 1500;
				LastUpgradeCheck = 1500;
				TargetAttributes = {
					D682AC932B52CE3E00C7E282 = {
						CreatedOnToolsVersion = 15.0.1;
					};
				};
			};
			buildConfigurationList = D682AC8F2B52CE3E00C7E282 /* Build configuration list for PBXProject "FastSwiftBasicApp" */;
			compatibilityVersion = "Xcode 14.0";
			developmentRegion = en;
			hasScannedForEncodings = 0;
			knownRegions = (
				en,
				Base,
			);
			mainGroup = D682AC8B2B52CE3E00C7E282;
			productRefGroup = D682AC952B52CE3E00C7E282 /* Products */;
			projectDirPath = "";
			projectRoot = "";
			targets = (
				D682AC932B52CE3E00C7E282 /* FastSwiftBasicApp */,
			);
		};
/* End PBXProject section */

/* Begin PBXResourcesBuildPhase section */
		D682AC922B52CE3E00C7E282 /* Resources */ = {
			isa = PBXResourcesBuildPhase;
			buildActionMask = 2147483647;
			files = (
				D682AC9F2B52CE4000C7E282 /* Preview Assets.xcassets in Resources */,
				D682AC9C2B52CE4000C7E282 /* Assets.xcassets in Resources */,
			);
			runOnlyForDeploymentPostprocessing = 0;
		};
/* End PBXResourcesBuildPhase section */

/* Begin PBXSourcesBuildPhase section */
		D682AC902B52CE3E00C7E282 /* Sources */ = {
			isa = PBXSourcesBuildPhase;
			buildActionMask = 2147483647;
			files = (
				D682ACB02B52D77C00C7E282 /* Half.swift in Sources */,
				D682ACA62B52CF8800C7E282 /* VariableType.swift in Sources */,
				D682AC9A2B52CE3E00C7E282 /* ContentView.swift in Sources */,
				D682ACAE2B52D5BF00C7E282 /* Function.swift in Sources */,
				D682AC982B52CE3E00C7E282 /* FastSwiftBasicAppApp.swift in Sources */,
				D682ACAC2B52D4F100C7E282 /* Loop.swift in Sources */,
				D682ACB42B52E64000C7E282 /* Diff.swift in Sources */,
				D682ACA82B52D0F500C7E282 /* MyCollections.swift in Sources */,
				D682ACAA2B52D42100C7E282 /* Condition.swift in Sources */,
				D682ACB22B52E00B00C7E282 /* Elevator.swift in Sources */,
			);
			runOnlyForDeploymentPostprocessing = 0;
		};
/* End PBXSourcesBuildPhase section */

/* Begin XCBuildConfiguration section */
		D682ACA02B52CE4000C7E282 /* Debug */ = {
			isa = XCBuildConfiguration;
			buildSettings = {
				ALWAYS_SEARCH_USER_PATHS = NO;
				ASSETCATALOG_COMPILER_GENERATE_SWIFT_ASSET_SYMBOL_EXTENSIONS = YES;
				CLANG_ANALYZER_NONNULL = YES;
				CLANG_ANALYZER_NUMBER_OBJECT_CONVERSION = YES_AGGRESSIVE;
				CLANG_CXX_LANGUAGE_STANDARD = "gnu++20";
				CLANG_ENABLE_MODULES = YES;
				CLANG_ENABLE_OBJC_ARC = YES;
				CLANG_ENABLE_OBJC_WEAK = YES;
				CLANG_WARN_BLOCK_CAPTURE_AUTORELEASING = YES;
				CLANG_WARN_BOOL_CONVERSION = YES;
				CLANG_WARN_COMMA = YES;
				CLANG_WARN_CONSTANT_CONVERSION = YES;
				CLANG_WARN_DEPRECATED_OBJC_IMPLEMENTATIONS = YES;
				CLANG_WARN_DIRECT_OBJC_ISA_USAGE = YES_ERROR;
				CLANG_WARN_DOCUMENTATION_COMMENTS = YES;
				CLANG_WARN_EMPTY_BODY = YES;
				CLANG_WARN_ENUM_CONVERSION = YES;
				CLANG_WARN_INFINITE_RECURSION = YES;
				CLANG_WARN_INT_CONVERSION = YES;
				CLANG_WARN_NON_LITERAL_NULL_CONVERSION = YES;
				CLANG_WARN_OBJC_IMPLICIT_RETAIN_SELF = YES;
				CLANG_WARN_OBJC_LITERAL_CONVERSION = YES;
				CLANG_WARN_OBJC_ROOT_CLASS = YES_ERROR;
				CLANG_WARN_QUOTED_INCLUDE_IN_FRAMEWORK_HEADER = YES;
				CLANG_WARN_RANGE_LOOP_ANALYSIS = YES;
				CLANG_WARN_STRICT_PROTOTYPES = YES;
				CLANG_WARN_SUSPICIOUS_MOVE = YES;
				CLANG_WARN_UNGUARDED_AVAILABILITY = YES_AGGRESSIVE;
				CLANG_WARN_UNREACHABLE_CODE = YES;
				CLANG_WARN__DUPLICATE_METHOD_MATCH = YES;
				COPY_PHASE_STRIP = NO;
				DEBUG_INFORMATION_FORMAT = dwarf;
				ENABLE_STRICT_OBJC_MSGSEND = YES;
				ENABLE_TESTABILITY = YES;
				ENABLE_USER_SCRIPT_SANDBOXING = YES;
				GCC_C_LANGUAGE_STANDARD = gnu17;
				GCC_DYNAMIC_NO_PIC = NO;
				GCC_NO_COMMON_BLOCKS = YES;
				GCC_OPTIMIZATION_LEVEL = 0;
				GCC_PREPROCESSOR_DEFINITIONS = (
					"DEBUG=1",
					"$(inherited)",
				);
				GCC_WARN_64_TO_32_BIT_CONVERSION = YES;
				GCC_WARN_ABOUT_RETURN_TYPE = YES_ERROR;
				GCC_WARN_UNDECLARED_SELECTOR = YES;
				GCC_WARN_UNINITIALIZED_AUTOS = YES_AGGRESSIVE;
				GCC_WARN_UNUSED_FUNCTION = YES;
				GCC_WARN_UNUSED_VARIABLE = YES;
				IPHONEOS_DEPLOYMENT_TARGET = 17.0;
				LOCALIZATION_PREFERS_STRING_CATALOGS = YES;
				MTL_ENABLE_DEBUG_INFO = INCLUDE_SOURCE;
				MTL_FAST_MATH = YES;
				ONLY_ACTIVE_ARCH = YES;
				SDKROOT = iphoneos;
				SWIFT_ACTIVE_COMPILATION_CONDITIONS = "DEBUG $(inherited)";
				SWIFT_OPTIMIZATION_LEVEL = "-Onone";
			};
			name = Debug;
		};
		D682ACA12B52CE4000C7E282 /* Release */ = {
			isa = XCBuildConfiguration;
			buildSettings = {
				ALWAYS_SEARCH_USER_PATHS = NO;
				ASSETCATALOG_COMPILER_GENERATE_SWIFT_ASSET_SYMBOL_EXTENSIONS = YES;
				CLANG_ANALYZER_NONNULL = YES;
				CLANG_ANALYZER_NUMBER_OBJECT_CONVERSION = YES_AGGRESSIVE;
				CLANG_CXX_LANGUAGE_STANDARD = "gnu++20";
				CLANG_ENABLE_MODULES = YES;
				CLANG_ENABLE_OBJC_ARC = YES;
				CLANG_ENABLE_OBJC_WEAK = YES;
				CLANG_WARN_BLOCK_CAPTURE_AUTORELEASING = YES;
				CLANG_WARN_BOOL_CONVERSION = YES;
				CLANG_WARN_COMMA = YES;
				CLANG_WARN_CONSTANT_CONVERSION = YES;
				CLANG_WARN_DEPRECATED_OBJC_IMPLEMENTATIONS = YES;
				CLANG_WARN_DIRECT_OBJC_ISA_USAGE = YES_ERROR;
				CLANG_WARN_DOCUMENTATION_COMMENTS = YES;
				CLANG_WARN_EMPTY_BODY = YES;
				CLANG_WARN_ENUM_CONVERSION = YES;
				CLANG_WARN_INFINITE_RECURSION = YES;
				CLANG_WARN_INT_CONVERSION = YES;
				CLANG_WARN_NON_LITERAL_NULL_CONVERSION = YES;
				CLANG_WARN_OBJC_IMPLICIT_RETAIN_SELF = YES;
				CLANG_WARN_OBJC_LITERAL_CONVERSION = YES;
				CLANG_WARN_OBJC_ROOT_CLASS = YES_ERROR;
				CLANG_WARN_QUOTED_INCLUDE_IN_FRAMEWORK_HEADER = YES;
				CLANG_WARN_RANGE_LOOP_ANALYSIS = YES;
				CLANG_WARN_STRICT_PROTOTYPES = YES;
				CLANG_WARN_SUSPICIOUS_MOVE = YES;
				CLANG_WARN_UNGUARDED_AVAILABILITY = YES_AGGRESSIVE;
				CLANG_WARN_UNREACHABLE_CODE = YES;
				CLANG_WARN__DUPLICATE_METHOD_MATCH = YES;
				COPY_PHASE_STRIP = NO;
				DEBUG_INFORMATION_FORMAT = "dwarf-with-dsym";
				ENABLE_NS_ASSERTIONS = NO;
				ENABLE_STRICT_OBJC_MSGSEND = YES;
				ENABLE_USER_SCRIPT_SANDBOXING = YES;
				GCC_C_LANGUAGE_STANDARD = gnu17;
				GCC_NO_COMMON_BLOCKS = YES;
				GCC_WARN_64_TO_32_BIT_CONVERSION = YES;
				GCC_WARN_ABOUT_RETURN_TYPE = YES_ERROR;
				GCC_WARN_UNDECLARED_SELECTOR = YES;
				GCC_WARN_UNINITIALIZED_AUTOS = YES_AGGRESSIVE;
				GCC_WARN_UNUSED_FUNCTION = YES;
				GCC_WARN_UNUSED_VARIABLE = YES;
				IPHONEOS_DEPLOYMENT_TARGET = 17.0;
				LOCALIZATION_PREFERS_STRING_CATALOGS = YES;
				MTL_ENABLE_DEBUG_INFO = NO;
				MTL_FAST_MATH = YES;
				SDKROOT = iphoneos;
				SWIFT_COMPILATION_MODE = wholemodule;
				VALIDATE_PRODUCT = YES;
			};
			name = Release;
		};
		D682ACA32B52CE4000C7E282 /* Debug */ = {
			isa = XCBuildConfiguration;
			buildSettings = {
				ASSETCATALOG_COMPILER_APPICON_NAME = AppIcon;
				ASSETCATALOG_COMPILER_GLOBAL_ACCENT_COLOR_NAME = AccentColor;
				CODE_SIGN_STYLE = Automatic;
				CURRENT_PROJECT_VERSION = 1;
				DEVELOPMENT_ASSET_PATHS = "\"FastSwiftBasicApp/Preview Content\"";
				DEVELOPMENT_TEAM = NR4TD8SZC4;
				ENABLE_PREVIEWS = YES;
				GENERATE_INFOPLIST_FILE = YES;
				INFOPLIST_KEY_UIApplicationSceneManifest_Generation = YES;
				INFOPLIST_KEY_UIApplicationSupportsIndirectInputEvents = YES;
				INFOPLIST_KEY_UILaunchScreen_Generation = YES;
				INFOPLIST_KEY_UISupportedInterfaceOrientations_iPad = "UIInterfaceOrientationPortrait UIInterfaceOrientationPortraitUpsideDown UIInterfaceOrientationLandscapeLeft UIInterfaceOrientationLandscapeRight";
				INFOPLIST_KEY_UISupportedInterfaceOrientations_iPhone = "UIInterfaceOrientationPortrait UIInterfaceOrientationLandscapeLeft UIInterfaceOrientationLandscapeRight";
				LD_RUNPATH_SEARCH_PATHS = (
					"$(inherited)",
					"@executable_path/Frameworks",
				);
				MARKETING_VERSION = 1.0;
				PRODUCT_BUNDLE_IDENTIFIER = com.Kwak.FastSwiftBasicApp;
				PRODUCT_NAME = "$(TARGET_NAME)";
				SWIFT_EMIT_LOC_STRINGS = YES;
				SWIFT_VERSION = 5.0;
				TARGETED_DEVICE_FAMILY = "1,2";
			};
			name = Debug;
		};
		D682ACA42B52CE4000C7E282 /* Release */ = {
			isa = XCBuildConfiguration;
			buildSettings = {
				ASSETCATALOG_COMPILER_APPICON_NAME = AppIcon;
				ASSETCATALOG_COMPILER_GLOBAL_ACCENT_COLOR_NAME = AccentColor;
				CODE_SIGN_STYLE = Automatic;
				CURRENT_PROJECT_VERSION = 1;
				DEVELOPMENT_ASSET_PATHS = "\"FastSwiftBasicApp/Preview Content\"";
				DEVELOPMENT_TEAM = NR4TD8SZC4;
				ENABLE_PREVIEWS = YES;
				GENERATE_INFOPLIST_FILE = YES;
				INFOPLIST_KEY_UIApplicationSceneManifest_Generation = YES;
				INFOPLIST_KEY_UIApplicationSupportsIndirectInputEvents = YES;
				INFOPLIST_KEY_UILaunchScreen_Generation = YES;
				INFOPLIST_KEY_UISupportedInterfaceOrientations_iPad = "UIInterfaceOrientationPortrait UIInterfaceOrientationPortraitUpsideDown UIInterfaceOrientationLandscapeLeft UIInterfaceOrientationLandscapeRight";
				INFOPLIST_KEY_UISupportedInterfaceOrientations_iPhone = "UIInterfaceOrientationPortrait UIInterfaceOrientationLandscapeLeft UIInterfaceOrientationLandscapeRight";
				LD_RUNPATH_SEARCH_PATHS = (
					"$(inherited)",
					"@executable_path/Frameworks",
				);
				MARKETING_VERSION = 1.0;
				PRODUCT_BUNDLE_IDENTIFIER = com.Kwak.FastSwiftBasicApp;
				PRODUCT_NAME = "$(TARGET_NAME)";
				SWIFT_EMIT_LOC_STRINGS = YES;
				SWIFT_VERSION = 5.0;
				TARGETED_DEVICE_FAMILY = "1,2";
			};
			name = Release;
		};
/* End XCBuildConfiguration section */

/* Begin XCConfigurationList section */
		D682AC8F2B52CE3E00C7E282 /* Build configuration list for PBXProject "FastSwiftBasicApp" */ = {
			isa = XCConfigurationList;
			buildConfigurations = (
				D682ACA02B52CE4000C7E282 /* Debug */,
				D682ACA12B52CE4000C7E282 /* Release */,
			);
			defaultConfigurationIsVisible = 0;
			defaultConfigurationName = Release;
		};
		D682ACA22B52CE4000C7E282 /* Build configuration list for PBXNativeTarget "FastSwiftBasicApp" */ = {
			isa = XCConfigurationList;
			buildConfigurations = (
				D682ACA32B52CE4000C7E282 /* Debug */,
				D682ACA42B52CE4000C7E282 /* Release */,
			);
			defaultConfigurationIsVisible = 0;
			defaultConfigurationName = Release;
		};
/* End XCConfigurationList section */
	};
	rootObject = D682AC8C2B52CE3E00C7E282 /* Project object */;
}
